
Microsoft Visual Studio Solution File, Format Version 12.00
# Visual Studio 15
VisualStudioVersion = 15.0.28307.705
MinimumVisualStudioVersion = 10.0.40219.1
Project("{FAE04EC0-301F-11D3-BF4B-00C04F79EFBC}") = "Messaging.AssemblyPipeline", "Messaging.AssemblyPipeline\Messaging.AssemblyPipeline.csproj", "{35D643BC-2672-4750-8FEB-73881E19665F}"
EndProject
Project("{FAE04EC0-301F-11D3-BF4B-00C04F79EFBC}") = "Messaging.AssemblyPipeline.Tests", "Messaging.AssemblyPipeline.Tests\Messaging.AssemblyPipeline.Tests.csproj", "{7913B1EC-6535-4699-8BE5-757B89EC413F}"
EndProject
Project("{FAE04EC0-301F-11D3-BF4B-00C04F79EFBC}") = "Messaging.AssemblyPipeline.Benchmark", "Messaging.AssemblyPipeline.Benchmark\Messaging.AssemblyPipeline.Benchmark.csproj", "{D44B09D6-31C4-4CB2-872A-1B1FC7772BF0}"
EndProject
Project("{FAE04EC0-301F-11D3-BF4B-00C04F79EFBC}") = "Messaging.AssemblyPipeline.Typed", "Messaging.AssemblyPipeline.Typed\Messaging.AssemblyPipeline.Typed.csproj", "{FAFD0330-E544-41A8-B3F3-45A973B91672}"
EndProject
Global
	GlobalSection(SolutionConfigurationPlatforms) = preSolution
		Debug|Any CPU = Debug|Any CPU
		Release|Any CPU = Release|Any CPU
	EndGlobalSection
	GlobalSection(ProjectConfigurationPlatforms) = postSolution
		{35D643BC-2672-4750-8FEB-73881E19665F}.Debug|Any CPU.ActiveCfg = Debug|Any CPU
		{35D643BC-2672-4750-8FEB-73881E19665F}.Debug|Any CPU.Build.0 = Debug|Any CPU
		{35D643BC-2672-4750-8FEB-73881E19665F}.Release|Any CPU.ActiveCfg = Release|Any CPU
		{35D643BC-2672-4750-8FEB-73881E19665F}.Release|Any CPU.Build.0 = Release|Any CPU
		{7913B1EC-6535-4699-8BE5-757B89EC413F}.Debug|Any CPU.ActiveCfg = Debug|Any CPU
		{7913B1EC-6535-4699-8BE5-757B89EC413F}.Debug|Any CPU.Build.0 = Debug|Any CPU
		{7913B1EC-6535-4699-8BE5-757B89EC413F}.Release|Any CPU.ActiveCfg = Release|Any CPU
		{7913B1EC-6535-4699-8BE5-757B89EC413F}.Release|Any CPU.Build.0 = Release|Any CPU
		{D44B09D6-31C4-4CB2-872A-1B1FC7772BF0}.Debug|Any CPU.ActiveCfg = Debug|Any CPU
		{D44B09D6-31C4-4CB2-872A-1B1FC7772BF0}.Debug|Any CPU.Build.0 = Debug|Any CPU
		{D44B09D6-31C4-4CB2-872A-1B1FC7772BF0}.Release|Any CPU.ActiveCfg = Release|Any CPU
		{D44B09D6-31C4-4CB2-872A-1B1FC7772BF0}.Release|Any CPU.Build.0 = Release|Any CPU
		{FAFD0330-E544-41A8-B3F3-45A973B91672}.Debug|Any CPU.ActiveCfg = Debug|Any CPU
		{FAFD0330-E544-41A8-B3F3-45A973B91672}.Debug|Any CPU.Build.0 = Debug|Any CPU
		{FAFD0330-E544-41A8-B3F3-45A973B91672}.Release|Any CPU.ActiveCfg = Release|Any CPU
		{FAFD0330-E544-41A8-B3F3-45A973B91672}.Release|Any CPU.Build.0 = Release|Any CPU
	EndGlobalSection
	GlobalSection(SolutionProperties) = preSolution
		HideSolutionNode = FALSE
	EndGlobalSection
	GlobalSection(ExtensibilityGlobals) = postSolution
		SolutionGuid = {47A2A91C-216F-4F3E-9194-88B036CF6623}
	EndGlobalSection
EndGlobal
